
Microsoft Visual Studio Solution File, Format Version 12.00
# Visual Studio 15
VisualStudioVersion = 15.0.27703.2026
MinimumVisualStudioVersion = 10.0.40219.1
Project("{FAE04EC0-301F-11D3-BF4B-00C04F79EFBC}") = "KS.API", "KS.API\KS.API.csproj", "{95F4BC60-448B-481F-BD6D-B10B1270F506}"
EndProject
Global
	GlobalSection(SolutionConfigurationPlatforms) = preSolution
		Debug|Any CPU = Debug|Any CPU
		Release|Any CPU = Release|Any CPU
	EndGlobalSection
	GlobalSection(ProjectConfigurationPlatforms) = postSolution
		{95F4BC60-448B-481F-BD6D-B10B1270F506}.Debug|Any CPU.ActiveCfg = Debug|Any CPU
		{95F4BC60-448B-481F-BD6D-B10B1270F506}.Debug|Any CPU.Build.0 = Debug|Any CPU
		{95F4BC60-448B-481F-BD6D-B10B1270F506}.Release|Any CPU.ActiveCfg = Release|Any CPU
		{95F4BC60-448B-481F-BD6D-B10B1270F506}.Release|Any CPU.Build.0 = Release|Any CPU
	EndGlobalSection
	GlobalSection(SolutionProperties) = preSolution
		HideSolutionNode = FALSE
	EndGlobalSection
	GlobalSection(ExtensibilityGlobals) = postSolution
		SolutionGuid = {746975C6-43BC-43CE-AB98-B8AECCB09123}
	EndGlobalSection
EndGlobal
